
Microsoft Visual Studio Solution File, Format Version 12.00
# Visual Studio Version 16
VisualStudioVersion = 16.0.30907.101
MinimumVisualStudioVersion = 10.0.40219.1
Project("{2150E333-8FDC-42A3-9474-1A3956D46DE8}") = "src", "src", "{AF88CF4B-2F0C-4101-83F3-21FAE245454A}"
EndProject
Project("{2150E333-8FDC-42A3-9474-1A3956D46DE8}") = "Catalog", "Catalog", "{D5DF54AB-53D3-4289-B823-74213FE1A72F}"
EndProject
Project("{FAE04EC0-301F-11D3-BF4B-00C04F79EFBC}") = "Catalog.Api", "src\Catalog\Catalog.Api\Catalog.Api.csproj", "{5EB3E613-A2CE-42FB-A17D-0AB764119553}"
EndProject
Global
	GlobalSection(SolutionConfigurationPlatforms) = preSolution
		Debug|Any CPU = Debug|Any CPU
		Release|Any CPU = Release|Any CPU
	EndGlobalSection
	GlobalSection(ProjectConfigurationPlatforms) = postSolution
		{5EB3E613-A2CE-42FB-A17D-0AB764119553}.Debug|Any CPU.ActiveCfg = Debug|Any CPU
		{5EB3E613-A2CE-42FB-A17D-0AB764119553}.Debug|Any CPU.Build.0 = Debug|Any CPU
		{5EB3E613-A2CE-42FB-A17D-0AB764119553}.Release|Any CPU.ActiveCfg = Release|Any CPU
		{5EB3E613-A2CE-42FB-A17D-0AB764119553}.Release|Any CPU.Build.0 = Release|Any CPU
	EndGlobalSection
	GlobalSection(SolutionProperties) = preSolution
		HideSolutionNode = FALSE
	EndGlobalSection
	GlobalSection(NestedProjects) = preSolution
		{D5DF54AB-53D3-4289-B823-74213FE1A72F} = {AF88CF4B-2F0C-4101-83F3-21FAE245454A}
		{5EB3E613-A2CE-42FB-A17D-0AB764119553} = {D5DF54AB-53D3-4289-B823-74213FE1A72F}
	EndGlobalSection
	GlobalSection(ExtensibilityGlobals) = postSolution
		SolutionGuid = {76ACE70F-5D1C-44D9-B1BE-EC67771B7C68}
	EndGlobalSection
EndGlobal
